
Microsoft Visual Studio Solution File, Format Version 12.00
# Visual Studio Version 16
VisualStudioVersion = 16.0.31424.327
MinimumVisualStudioVersion = 10.0.40219.1
Project("{FAE04EC0-301F-11D3-BF4B-00C04F79EFBC}") = "SPB-Backend", "SPB-Backend\SPB-Backend.csproj", "{C24C639A-05D1-4F02-A067-5D9275EB8FB7}"
EndProject
Project("{E53339B2-1760-4266-BCC7-CA923CBCF16C}") = "docker-compose", "docker-compose.dcproj", "{31B9E395-D2AD-4E13-851F-7B9B380F7B11}"
EndProject
Project("{FAE04EC0-301F-11D3-BF4B-00C04F79EFBC}") = "ContaCorrente-Backend", "ContaCorrente-Backend\ContaCorrente-Backend.csproj", "{FE5F7D3B-6903-4068-B421-5D4CDF75D960}"
EndProject
Global
	GlobalSection(SolutionConfigurationPlatforms) = preSolution
		Debug|Any CPU = Debug|Any CPU
		Release|Any CPU = Release|Any CPU
	EndGlobalSection
	GlobalSection(ProjectConfigurationPlatforms) = postSolution
		{C24C639A-05D1-4F02-A067-5D9275EB8FB7}.Debug|Any CPU.ActiveCfg = Debug|Any CPU
		{C24C639A-05D1-4F02-A067-5D9275EB8FB7}.Debug|Any CPU.Build.0 = Debug|Any CPU
		{C24C639A-05D1-4F02-A067-5D9275EB8FB7}.Release|Any CPU.ActiveCfg = Release|Any CPU
		{C24C639A-05D1-4F02-A067-5D9275EB8FB7}.Release|Any CPU.Build.0 = Release|Any CPU
		{31B9E395-D2AD-4E13-851F-7B9B380F7B11}.Debug|Any CPU.ActiveCfg = Debug|Any CPU
		{31B9E395-D2AD-4E13-851F-7B9B380F7B11}.Debug|Any CPU.Build.0 = Debug|Any CPU
		{31B9E395-D2AD-4E13-851F-7B9B380F7B11}.Release|Any CPU.ActiveCfg = Release|Any CPU
		{31B9E395-D2AD-4E13-851F-7B9B380F7B11}.Release|Any CPU.Build.0 = Release|Any CPU
		{FE5F7D3B-6903-4068-B421-5D4CDF75D960}.Debug|Any CPU.ActiveCfg = Debug|Any CPU
		{FE5F7D3B-6903-4068-B421-5D4CDF75D960}.Debug|Any CPU.Build.0 = Debug|Any CPU
		{FE5F7D3B-6903-4068-B421-5D4CDF75D960}.Release|Any CPU.ActiveCfg = Release|Any CPU
		{FE5F7D3B-6903-4068-B421-5D4CDF75D960}.Release|Any CPU.Build.0 = Release|Any CPU
	EndGlobalSection
	GlobalSection(SolutionProperties) = preSolution
		HideSolutionNode = FALSE
	EndGlobalSection
	GlobalSection(ExtensibilityGlobals) = postSolution
		SolutionGuid = {0B7E8401-BE4E-49D6-BBFF-4C0331962DAE}
	EndGlobalSection
EndGlobal
